
Microsoft Visual Studio Solution File, Format Version 12.00
# Visual Studio Version 17
VisualStudioVersion = 17.2.32616.157
MinimumVisualStudioVersion = 10.0.40219.1
Project("{FAE04EC0-301F-11D3-BF4B-00C04F79EFBC}") = "B5_Practice", "B5_Practice\B5_Practice.csproj", "{28F5A525-298C-475D-A628-B741C58B3C9D}"
EndProject
Global
	GlobalSection(SolutionConfigurationPlatforms) = preSolution
		Debug|Any CPU = Debug|Any CPU
		Release|Any CPU = Release|Any CPU
	EndGlobalSection
	GlobalSection(ProjectConfigurationPlatforms) = postSolution
		{28F5A525-298C-475D-A628-B741C58B3C9D}.Debug|Any CPU.ActiveCfg = Debug|Any CPU
		{28F5A525-298C-475D-A628-B741C58B3C9D}.Debug|Any CPU.Build.0 = Debug|Any CPU
		{28F5A525-298C-475D-A628-B741C58B3C9D}.Release|Any CPU.ActiveCfg = Release|Any CPU
		{28F5A525-298C-475D-A628-B741C58B3C9D}.Release|Any CPU.Build.0 = Release|Any CPU
	EndGlobalSection
	GlobalSection(SolutionProperties) = preSolution
		HideSolutionNode = FALSE
	EndGlobalSection
	GlobalSection(ExtensibilityGlobals) = postSolution
		SolutionGuid = {FAF3BDCF-3A2A-441F-B201-B16C5CD07B25}
	EndGlobalSection
EndGlobal
